
Microsoft Visual Studio Solution File, Format Version 12.00
# Visual Studio Version 16
VisualStudioVersion = 16.0.32413.511
MinimumVisualStudioVersion = 10.0.40219.1
Project("{FAE04EC0-301F-11D3-BF4B-00C04F79EFBC}") = "MVC Assignment2", "MVC Assignment2\MVC Assignment2.csproj", "{7D5E2997-6982-4645-A8B7-AAC7D491F34C}"
EndProject
Global
	GlobalSection(SolutionConfigurationPlatforms) = preSolution
		Debug|Any CPU = Debug|Any CPU
		Release|Any CPU = Release|Any CPU
	EndGlobalSection
	GlobalSection(ProjectConfigurationPlatforms) = postSolution
		{7D5E2997-6982-4645-A8B7-AAC7D491F34C}.Debug|Any CPU.ActiveCfg = Debug|Any CPU
		{7D5E2997-6982-4645-A8B7-AAC7D491F34C}.Debug|Any CPU.Build.0 = Debug|Any CPU
		{7D5E2997-6982-4645-A8B7-AAC7D491F34C}.Release|Any CPU.ActiveCfg = Release|Any CPU
		{7D5E2997-6982-4645-A8B7-AAC7D491F34C}.Release|Any CPU.Build.0 = Release|Any CPU
	EndGlobalSection
	GlobalSection(SolutionProperties) = preSolution
		HideSolutionNode = FALSE
	EndGlobalSection
	GlobalSection(ExtensibilityGlobals) = postSolution
		SolutionGuid = {9483184B-A41F-40FA-B605-A3EEA57DDE77}
	EndGlobalSection
EndGlobal
